// !$*UTF8*$!
{
	archiveVersion = 1;
	classes = {
	};
	objectVersion = 55;
	objects = {

/* Begin PBXBuildFile section */
		5EB0F43A27BAE4B7007A9932 /* WidgetHeroApp.swift in Sources */ = {isa = PBXBuildFile; fileRef = 5EB0F43927BAE4B7007A9932 /* WidgetHeroApp.swift */; };
		5EB0F43C27BAE4B7007A9932 /* ContentView.swift in Sources */ = {isa = PBXBuildFile; fileRef = 5EB0F43B27BAE4B7007A9932 /* ContentView.swift */; };
		5EB0F43E27BAE4B9007A9932 /* Assets.xcassets in Resources */ = {isa = PBXBuildFile; fileRef = 5EB0F43D27BAE4B9007A9932 /* Assets.xcassets */; };
		5EB0F44127BAE4B9007A9932 /* Preview Assets.xcassets in Resources */ = {isa = PBXBuildFile; fileRef = 5EB0F44027BAE4B9007A9932 /* Preview Assets.xcassets */; };
		5EB0F44827BAE5B2007A9932 /* Hero.swift in Sources */ = {isa = PBXBuildFile; fileRef = 5EB0F44727BAE5B2007A9932 /* Hero.swift */; };
		5EB0F44A27BAF32D007A9932 /* CircularImageView.swift in Sources */ = {isa = PBXBuildFile; fileRef = 5EB0F44927BAF32D007A9932 /* CircularImageView.swift */; };
		5EB0F44C27BAF47C007A9932 /* HeroView.swift in Sources */ = {isa = PBXBuildFile; fileRef = 5EB0F44B27BAF47C007A9932 /* HeroView.swift */; };
		5EB0F45527BC17CA007A9932 /* WidgetKit.framework in Frameworks */ = {isa = PBXBuildFile; fileRef = 5EB0F45427BC17CA007A9932 /* WidgetKit.framework */; };
		5EB0F45727BC17CA007A9932 /* SwiftUI.framework in Frameworks */ = {isa = PBXBuildFile; fileRef = 5EB0F45627BC17CA007A9932 /* SwiftUI.framework */; };
		5EB0F45A27BC17CA007A9932 /* HeroWidget.swift in Sources */ = {isa = PBXBuildFile; fileRef = 5EB0F45927BC17CA007A9932 /* HeroWidget.swift */; };
		5EB0F45D27BC17CD007A9932 /* Assets.xcassets in Resources */ = {isa = PBXBuildFile; fileRef = 5EB0F45C27BC17CD007A9932 /* Assets.xcassets */; };
		5EB0F45F27BC17CD007A9932 /* HeroWidget.intentdefinition in Sources */ = {isa = PBXBuildFile; fileRef = 5EB0F45B27BC17CA007A9932 /* HeroWidget.intentdefinition */; };
		5EB0F46027BC17CD007A9932 /* HeroWidget.intentdefinition in Sources */ = {isa = PBXBuildFile; fileRef = 5EB0F45B27BC17CA007A9932 /* HeroWidget.intentdefinition */; };
		5EB0F46327BC17CD007A9932 /* HeroWidgetExtension.appex in Embed App Extensions */ = {isa = PBXBuildFile; fileRef = 5EB0F45227BC17CA007A9932 /* HeroWidgetExtension.appex */; settings = {ATTRIBUTES = (RemoveHeadersOnCopy, ); }; };
		5EB0F46827BC18AC007A9932 /* HeroView.swift in Sources */ = {isa = PBXBuildFile; fileRef = 5EB0F44B27BAF47C007A9932 /* HeroView.swift */; };
		5EB0F46927BC18C1007A9932 /* CircularImageView.swift in Sources */ = {isa = PBXBuildFile; fileRef = 5EB0F44927BAF32D007A9932 /* CircularImageView.swift */; };
		5EB0F46A27BC18C5007A9932 /* Hero.swift in Sources */ = {isa = PBXBuildFile; fileRef = 5EB0F44727BAE5B2007A9932 /* Hero.swift */; };
		5EB0F46B27BC1B11007A9932 /* Assets.xcassets in Resources */ = {isa = PBXBuildFile; fileRef = 5EB0F43D27BAE4B9007A9932 /* Assets.xcassets */; };
/* End PBXBuildFile section */

/* Begin PBXContainerItemProxy section */
		5EB0F46127BC17CD007A9932 /* PBXContainerItemProxy */ = {
			isa = PBXContainerItemProxy;
			containerPortal = 5EB0F42E27BAE4B7007A9932 /* Project object */;
			proxyType = 1;
			remoteGlobalIDString = 5EB0F45127BC17CA007A9932;
			remoteInfo = HeroWidgetExtension;
		};
/* End PBXContainerItemProxy section */

/* Begin PBXCopyFilesBuildPhase section */
		5EB0F46427BC17CD007A9932 /* Embed App Extensions */ = {
			isa = PBXCopyFilesBuildPhase;
			buildActionMask = 2147483647;
			dstPath = "";
			dstSubfolderSpec = 13;
			files = (
				5EB0F46327BC17CD007A9932 /* HeroWidgetExtension.appex in Embed App Extensions */,
			);
			name = "Embed App Extensions";
			runOnlyForDeploymentPostprocessing = 0;
		};
/* End PBXCopyFilesBuildPhase section */

/* Begin PBXFileReference section */
		5EB0F43627BAE4B7007A9932 /* WidgetHero.app */ = {isa = PBXFileReference; explicitFileType = wrapper.application; includeInIndex = 0; path = WidgetHero.app; sourceTree = BUILT_PRODUCTS_DIR; };
		5EB0F43927BAE4B7007A9932 /* WidgetHeroApp.swift */ = {isa = PBXFileReference; lastKnownFileType = sourcecode.swift; path = WidgetHeroApp.swift; sourceTree = "<group>"; };
		5EB0F43B27BAE4B7007A9932 /* ContentView.swift */ = {isa = PBXFileReference; lastKnownFileType = sourcecode.swift; path = ContentView.swift; sourceTree = "<group>"; };
		5EB0F43D27BAE4B9007A9932 /* Assets.xcassets */ = {isa = PBXFileReference; lastKnownFileType = folder.assetcatalog; path = Assets.xcassets; sourceTree = "<group>"; };
		5EB0F44027BAE4B9007A9932 /* Preview Assets.xcassets */ = {isa = PBXFileReference; lastKnownFileType = folder.assetcatalog; path = "Preview Assets.xcassets"; sourceTree = "<group>"; };
		5EB0F44727BAE5B2007A9932 /* Hero.swift */ = {isa = PBXFileReference; lastKnownFileType = sourcecode.swift; path = Hero.swift; sourceTree = "<group>"; };
		5EB0F44927BAF32D007A9932 /* CircularImageView.swift */ = {isa = PBXFileReference; lastKnownFileType = sourcecode.swift; path = CircularImageView.swift; sourceTree = "<group>"; };
		5EB0F44B27BAF47C007A9932 /* HeroView.swift */ = {isa = PBXFileReference; lastKnownFileType = sourcecode.swift; path = HeroView.swift; sourceTree = "<group>"; };
		5EB0F44D27BAF8F0007A9932 /* WidgetHero.entitlements */ = {isa = PBXFileReference; lastKnownFileType = text.plist.entitlements; path = WidgetHero.entitlements; sourceTree = "<group>"; };
		5EB0F45227BC17CA007A9932 /* HeroWidgetExtension.appex */ = {isa = PBXFileReference; explicitFileType = "wrapper.app-extension"; includeInIndex = 0; path = HeroWidgetExtension.appex; sourceTree = BUILT_PRODUCTS_DIR; };
		5EB0F45427BC17CA007A9932 /* WidgetKit.framework */ = {isa = PBXFileReference; lastKnownFileType = wrapper.framework; name = WidgetKit.framework; path = System/Library/Frameworks/WidgetKit.framework; sourceTree = SDKROOT; };
		5EB0F45627BC17CA007A9932 /* SwiftUI.framework */ = {isa = PBXFileReference; lastKnownFileType = wrapper.framework; name = SwiftUI.framework; path = System/Library/Frameworks/SwiftUI.framework; sourceTree = SDKROOT; };
		5EB0F45927BC17CA007A9932 /* HeroWidget.swift */ = {isa = PBXFileReference; lastKnownFileType = sourcecode.swift; path = HeroWidget.swift; sourceTree = "<group>"; };
		5EB0F45B27BC17CA007A9932 /* HeroWidget.intentdefinition */ = {isa = PBXFileReference; lastKnownFileType = file.intentdefinition; path = HeroWidget.intentdefinition; sourceTree = "<group>"; };
		5EB0F45C27BC17CD007A9932 /* Assets.xcassets */ = {isa = PBXFileReference; lastKnownFileType = folder.assetcatalog; path = Assets.xcassets; sourceTree = "<group>"; };
		5EB0F45E27BC17CD007A9932 /* Info.plist */ = {isa = PBXFileReference; lastKnownFileType = text.plist.xml; path = Info.plist; sourceTree = "<group>"; };
		5EB0F46C27BC1B2A007A9932 /* HeroWidgetExtension.entitlements */ = {isa = PBXFileReference; lastKnownFileType = text.plist.entitlements; path = HeroWidgetExtension.entitlements; sourceTree = "<group>"; };
/* End PBXFileReference section */

/* Begin PBXFrameworksBuildPhase section */
		5EB0F43327BAE4B7007A9932 /* Frameworks */ = {
			isa = PBXFrameworksBuildPhase;
			buildActionMask = 2147483647;
			files = (
			);
			runOnlyForDeploymentPostprocessing = 0;
		};
		5EB0F44F27BC17CA007A9932 /* Frameworks */ = {
			isa = PBXFrameworksBuildPhase;
			buildActionMask = 2147483647;
			files = (
				5EB0F45727BC17CA007A9932 /* SwiftUI.framework in Frameworks */,
				5EB0F45527BC17CA007A9932 /* WidgetKit.framework in Frameworks */,
			);
			runOnlyForDeploymentPostprocessing = 0;
		};
/* End PBXFrameworksBuildPhase section */

/* Begin PBXGroup section */
		5EB0F42D27BAE4B7007A9932 = {
			isa = PBXGroup;
			children = (
				5EB0F46C27BC1B2A007A9932 /* HeroWidgetExtension.entitlements */,
				5EB0F43827BAE4B7007A9932 /* WidgetHero */,
				5EB0F45827BC17CA007A9932 /* HeroWidget */,
				5EB0F45327BC17CA007A9932 /* Frameworks */,
				5EB0F43727BAE4B7007A9932 /* Products */,
			);
			sourceTree = "<group>";
		};
		5EB0F43727BAE4B7007A9932 /* Products */ = {
			isa = PBXGroup;
			children = (
				5EB0F43627BAE4B7007A9932 /* WidgetHero.app */,
				5EB0F45227BC17CA007A9932 /* HeroWidgetExtension.appex */,
			);
			name = Products;
			sourceTree = "<group>";
		};
		5EB0F43827BAE4B7007A9932 /* WidgetHero */ = {
			isa = PBXGroup;
			children = (
				5EB0F44D27BAF8F0007A9932 /* WidgetHero.entitlements */,
				5EB0F43927BAE4B7007A9932 /* WidgetHeroApp.swift */,
				5EB0F43B27BAE4B7007A9932 /* ContentView.swift */,
				5EB0F44727BAE5B2007A9932 /* Hero.swift */,
				5EB0F44927BAF32D007A9932 /* CircularImageView.swift */,
				5EB0F44B27BAF47C007A9932 /* HeroView.swift */,
				5EB0F43D27BAE4B9007A9932 /* Assets.xcassets */,
				5EB0F43F27BAE4B9007A9932 /* Preview Content */,
			);
			path = WidgetHero;
			sourceTree = "<group>";
		};
		5EB0F43F27BAE4B9007A9932 /* Preview Content */ = {
			isa = PBXGroup;
			children = (
				5EB0F44027BAE4B9007A9932 /* Preview Assets.xcassets */,
			);
			path = "Preview Content";
			sourceTree = "<group>";
		};
		5EB0F45327BC17CA007A9932 /* Frameworks */ = {
			isa = PBXGroup;
			children = (
				5EB0F45427BC17CA007A9932 /* WidgetKit.framework */,
				5EB0F45627BC17CA007A9932 /* SwiftUI.framework */,
			);
			name = Frameworks;
			sourceTree = "<group>";
		};
		5EB0F45827BC17CA007A9932 /* HeroWidget */ = {
			isa = PBXGroup;
			children = (
				5EB0F45927BC17CA007A9932 /* HeroWidget.swift */,
				5EB0F45B27BC17CA007A9932 /* HeroWidget.intentdefinition */,
				5EB0F45C27BC17CD007A9932 /* Assets.xcassets */,
				5EB0F45E27BC17CD007A9932 /* Info.plist */,
			);
			path = HeroWidget;
			sourceTree = "<group>";
		};
/* End PBXGroup section */

/* Begin PBXNativeTarget section */
		5EB0F43527BAE4B7007A9932 /* WidgetHero */ = {
			isa = PBXNativeTarget;
			buildConfigurationList = 5EB0F44427BAE4B9007A9932 /* Build configuration list for PBXNativeTarget "WidgetHero" */;
			buildPhases = (
				5EB0F43227BAE4B7007A9932 /* Sources */,
				5EB0F43327BAE4B7007A9932 /* Frameworks */,
				5EB0F43427BAE4B7007A9932 /* Resources */,
				5EB0F46427BC17CD007A9932 /* Embed App Extensions */,
			);
			buildRules = (
			);
			dependencies = (
				5EB0F46227BC17CD007A9932 /* PBXTargetDependency */,
			);
			name = WidgetHero;
			productName = WidgetHero;
			productReference = 5EB0F43627BAE4B7007A9932 /* WidgetHero.app */;
			productType = "com.apple.product-type.application";
		};
		5EB0F45127BC17CA007A9932 /* HeroWidgetExtension */ = {
			isa = PBXNativeTarget;
			buildConfigurationList = 5EB0F46727BC17CD007A9932 /* Build configuration list for PBXNativeTarget "HeroWidgetExtension" */;
			buildPhases = (
				5EB0F44E27BC17CA007A9932 /* Sources */,
				5EB0F44F27BC17CA007A9932 /* Frameworks */,
				5EB0F45027BC17CA007A9932 /* Resources */,
			);
			buildRules = (
			);
			dependencies = (
			);
			name = HeroWidgetExtension;
			productName = HeroWidgetExtension;
			productReference = 5EB0F45227BC17CA007A9932 /* HeroWidgetExtension.appex */;
			productType = "com.apple.product-type.app-extension";
		};
/* End PBXNativeTarget section */

/* Begin PBXProject section */
		5EB0F42E27BAE4B7007A9932 /* Project object */ = {
			isa = PBXProject;
			attributes = {
				BuildIndependentTargetsInParallel = 1;
				LastSwiftUpdateCheck = 1320;
				LastUpgradeCheck = 1320;
				TargetAttributes = {
					5EB0F43527BAE4B7007A9932 = {
						CreatedOnToolsVersion = 13.2.1;
					};
					5EB0F45127BC17CA007A9932 = {
						CreatedOnToolsVersion = 13.2.1;
					};
				};
			};
			buildConfigurationList = 5EB0F43127BAE4B7007A9932 /* Build configuration list for PBXProject "WidgetHero" */;
			compatibilityVersion = "Xcode 13.0";
			developmentRegion = en;
			hasScannedForEncodings = 0;
			knownRegions = (
				en,
				Base,
			);
			mainGroup = 5EB0F42D27BAE4B7007A9932;
			productRefGroup = 5EB0F43727BAE4B7007A9932 /* Products */;
			projectDirPath = "";
			projectRoot = "";
			targets = (
				5EB0F43527BAE4B7007A9932 /* WidgetHero */,
				5EB0F45127BC17CA007A9932 /* HeroWidgetExtension */,
			);
		};
/* End PBXProject section */

/* Begin PBXResourcesBuildPhase section */
		5EB0F43427BAE4B7007A9932 /* Resources */ = {
			isa = PBXResourcesBuildPhase;
			buildActionMask = 2147483647;
			files = (
				5EB0F44127BAE4B9007A9932 /* Preview Assets.xcassets in Resources */,
				5EB0F43E27BAE4B9007A9932 /* Assets.xcassets in Resources */,
			);
			runOnlyForDeploymentPostprocessing = 0;
		};
		5EB0F45027BC17CA007A9932 /* Resources */ = {
			isa = PBXResourcesBuildPhase;
			buildActionMask = 2147483647;
			files = (
				5EB0F46B27BC1B11007A9932 /* Assets.xcassets in Resources */,
				5EB0F45D27BC17CD007A9932 /* Assets.xcassets in Resources */,
			);
			runOnlyForDeploymentPostprocessing = 0;
		};
/* End PBXResourcesBuildPhase section */

/* Begin PBXSourcesBuildPhase section */
		5EB0F43227BAE4B7007A9932 /* Sources */ = {
			isa = PBXSourcesBuildPhase;
			buildActionMask = 2147483647;
			files = (
				5EB0F43C27BAE4B7007A9932 /* ContentView.swift in Sources */,
				5EB0F44A27BAF32D007A9932 /* CircularImageView.swift in Sources */,
				5EB0F46027BC17CD007A9932 /* HeroWidget.intentdefinition in Sources */,
				5EB0F43A27BAE4B7007A9932 /* WidgetHeroApp.swift in Sources */,
				5EB0F44827BAE5B2007A9932 /* Hero.swift in Sources */,
				5EB0F44C27BAF47C007A9932 /* HeroView.swift in Sources */,
			);
			runOnlyForDeploymentPostprocessing = 0;
		};
		5EB0F44E27BC17CA007A9932 /* Sources */ = {
			isa = PBXSourcesBuildPhase;
			buildActionMask = 2147483647;
			files = (
				5EB0F46A27BC18C5007A9932 /* Hero.swift in Sources */,
				5EB0F45F27BC17CD007A9932 /* HeroWidget.intentdefinition in Sources */,
				5EB0F46927BC18C1007A9932 /* CircularImageView.swift in Sources */,
				5EB0F45A27BC17CA007A9932 /* HeroWidget.swift in Sources */,
				5EB0F46827BC18AC007A9932 /* HeroView.swift in Sources */,
			);
			runOnlyForDeploymentPostprocessing = 0;
		};
/* End PBXSourcesBuildPhase section */

/* Begin PBXTargetDependency section */
		5EB0F46227BC17CD007A9932 /* PBXTargetDependency */ = {
			isa = PBXTargetDependency;
			target = 5EB0F45127BC17CA007A9932 /* HeroWidgetExtension */;
			targetProxy = 5EB0F46127BC17CD007A9932 /* PBXContainerItemProxy */;
		};
/* End PBXTargetDependency section */

/* Begin XCBuildConfiguration section */
		5EB0F44227BAE4B9007A9932 /* Debug */ = {
			isa = XCBuildConfiguration;
			buildSettings = {
				ALWAYS_SEARCH_USER_PATHS = NO;
				CLANG_ANALYZER_NONNULL = YES;
				CLANG_ANALYZER_NUMBER_OBJECT_CONVERSION = YES_AGGRESSIVE;
				CLANG_CXX_LANGUAGE_STANDARD = "gnu++17";
				CLANG_CXX_LIBRARY = "libc++";
				CLANG_ENABLE_MODULES = YES;
				CLANG_ENABLE_OBJC_ARC = YES;
				CLANG_ENABLE_OBJC_WEAK = YES;
				CLANG_WARN_BLOCK_CAPTURE_AUTORELEASING = YES;
				CLANG_WARN_BOOL_CONVERSION = YES;
				CLANG_WARN_COMMA = YES;
				CLANG_WARN_CONSTANT_CONVERSION = YES;
				CLANG_WARN_DEPRECATED_OBJC_IMPLEMENTATIONS = YES;
				CLANG_WARN_DIRECT_OBJC_ISA_USAGE = YES_ERROR;
				CLANG_WARN_DOCUMENTATION_COMMENTS = YES;
				CLANG_WARN_EMPTY_BODY = YES;
				CLANG_WARN_ENUM_CONVERSION = YES;
				CLANG_WARN_INFINITE_RECURSION = YES;
				CLANG_WARN_INT_CONVERSION = YES;
				CLANG_WARN_NON_LITERAL_NULL_CONVERSION = YES;
				CLANG_WARN_OBJC_IMPLICIT_RETAIN_SELF = YES;
				CLANG_WARN_OBJC_LITERAL_CONVERSION = YES;
				CLANG_WARN_OBJC_ROOT_CLASS = YES_ERROR;
				CLANG_WARN_QUOTED_INCLUDE_IN_FRAMEWORK_HEADER = YES;
				CLANG_WARN_RANGE_LOOP_ANALYSIS = YES;
				CLANG_WARN_STRICT_PROTOTYPES = YES;
				CLANG_WARN_SUSPICIOUS_MOVE = YES;
				CLANG_WARN_UNGUARDED_AVAILABILITY = YES_AGGRESSIVE;
				CLANG_WARN_UNREACHABLE_CODE = YES;
				CLANG_WARN__DUPLICATE_METHOD_MATCH = YES;
				COPY_PHASE_STRIP = NO;
				DEBUG_INFORMATION_FORMAT = dwarf;
				ENABLE_STRICT_OBJC_MSGSEND = YES;
				ENABLE_TESTABILITY = YES;
				GCC_C_LANGUAGE_STANDARD = gnu11;
				GCC_DYNAMIC_NO_PIC = NO;
				GCC_NO_COMMON_BLOCKS = YES;
				GCC_OPTIMIZATION_LEVEL = 0;
				GCC_PREPROCESSOR_DEFINITIONS = (
					"DEBUG=1",
					"$(inherited)",
				);
				GCC_WARN_64_TO_32_BIT_CONVERSION = YES;
				GCC_WARN_ABOUT_RETURN_TYPE = YES_ERROR;
				GCC_WARN_UNDECLARED_SELECTOR = YES;
				GCC_WARN_UNINITIALIZED_AUTOS = YES_AGGRESSIVE;
				GCC_WARN_UNUSED_FUNCTION = YES;
				GCC_WARN_UNUSED_VARIABLE = YES;
				IPHONEOS_DEPLOYMENT_TARGET = 15.2;
				MTL_ENABLE_DEBUG_INFO = INCLUDE_SOURCE;
				MTL_FAST_MATH = YES;
				ONLY_ACTIVE_ARCH = YES;
				SDKROOT = iphoneos;
				SWIFT_ACTIVE_COMPILATION_CONDITIONS = DEBUG;
				SWIFT_OPTIMIZATION_LEVEL = "-Onone";
			};
			name = Debug;
		};
		5EB0F44327BAE4B9007A9932 /* Release */ = {
			isa = XCBuildConfiguration;
			buildSettings = {
				ALWAYS_SEARCH_USER_PATHS = NO;
				CLANG_ANALYZER_NONNULL = YES;
				CLANG_ANALYZER_NUMBER_OBJECT_CONVERSION = YES_AGGRESSIVE;
				CLANG_CXX_LANGUAGE_STANDARD = "gnu++17";
				CLANG_CXX_LIBRARY = "libc++";
				CLANG_ENABLE_MODULES = YES;
				CLANG_ENABLE_OBJC_ARC = YES;
				CLANG_ENABLE_OBJC_WEAK = YES;
				CLANG_WARN_BLOCK_CAPTURE_AUTORELEASING = YES;
				CLANG_WARN_BOOL_CONVERSION = YES;
				CLANG_WARN_COMMA = YES;
				CLANG_WARN_CONSTANT_CONVERSION = YES;
				CLANG_WARN_DEPRECATED_OBJC_IMPLEMENTATIONS = YES;
				CLANG_WARN_DIRECT_OBJC_ISA_USAGE = YES_ERROR;
				CLANG_WARN_DOCUMENTATION_COMMENTS = YES;
				CLANG_WARN_EMPTY_BODY = YES;
				CLANG_WARN_ENUM_CONVERSION = YES;
				CLANG_WARN_INFINITE_RECURSION = YES;
				CLANG_WARN_INT_CONVERSION = YES;
				CLANG_WARN_NON_LITERAL_NULL_CONVERSION = YES;
				CLANG_WARN_OBJC_IMPLICIT_RETAIN_SELF = YES;
				CLANG_WARN_OBJC_LITERAL_CONVERSION = YES;
				CLANG_WARN_OBJC_ROOT_CLASS = YES_ERROR;
				CLANG_WARN_QUOTED_INCLUDE_IN_FRAMEWORK_HEADER = YES;
				CLANG_WARN_RANGE_LOOP_ANALYSIS = YES;
				CLANG_WARN_STRICT_PROTOTYPES = YES;
				CLANG_WARN_SUSPICIOUS_MOVE = YES;
				CLANG_WARN_UNGUARDED_AVAILABILITY = YES_AGGRESSIVE;
				CLANG_WARN_UNREACHABLE_CODE = YES;
				CLANG_WARN__DUPLICATE_METHOD_MATCH = YES;
				COPY_PHASE_STRIP = NO;
				DEBUG_INFORMATION_FORMAT = "dwarf-with-dsym";
				ENABLE_NS_ASSERTIONS = NO;
				ENABLE_STRICT_OBJC_MSGSEND = YES;
				GCC_C_LANGUAGE_STANDARD = gnu11;
				GCC_NO_COMMON_BLOCKS = YES;
				GCC_WARN_64_TO_32_BIT_CONVERSION = YES;
				GCC_WARN_ABOUT_RETURN_TYPE = YES_ERROR;
				GCC_WARN_UNDECLARED_SELECTOR = YES;
				GCC_WARN_UNINITIALIZED_AUTOS = YES_AGGRESSIVE;
				GCC_WARN_UNUSED_FUNCTION = YES;
				GCC_WARN_UNUSED_VARIABLE = YES;
				IPHONEOS_DEPLOYMENT_TARGET = 15.2;
				MTL_ENABLE_DEBUG_INFO = NO;
				MTL_FAST_MATH = YES;
				SDKROOT = iphoneos;
				SWIFT_COMPILATION_MODE = wholemodule;
				SWIFT_OPTIMIZATION_LEVEL = "-O";
				VALIDATE_PRODUCT = YES;
			};
			name = Release;
		};
		5EB0F44527BAE4B9007A9932 /* Debug */ = {
			isa = XCBuildConfiguration;
			buildSettings = {
				ALWAYS_EMBED_SWIFT_STANDARD_LIBRARIES = YES;
				ASSETCATALOG_COMPILER_APPICON_NAME = AppIcon;
				ASSETCATALOG_COMPILER_GLOBAL_ACCENT_COLOR_NAME = AccentColor;
				CODE_SIGN_ENTITLEMENTS = WidgetHero/WidgetHero.entitlements;
				CODE_SIGN_STYLE = Automatic;
				CURRENT_PROJECT_VERSION = 1;
				DEVELOPMENT_ASSET_PATHS = "\"WidgetHero/Preview Content\"";
				DEVELOPMENT_TEAM = SS2CH8F6CH;
				ENABLE_PREVIEWS = YES;
				GENERATE_INFOPLIST_FILE = YES;
				INFOPLIST_KEY_UIApplicationSceneManifest_Generation = YES;
				INFOPLIST_KEY_UIApplicationSupportsIndirectInputEvents = YES;
				INFOPLIST_KEY_UILaunchScreen_Generation = YES;
				INFOPLIST_KEY_UISupportedInterfaceOrientations_iPad = "UIInterfaceOrientationPortrait UIInterfaceOrientationPortraitUpsideDown UIInterfaceOrientationLandscapeLeft UIInterfaceOrientationLandscapeRight";
				INFOPLIST_KEY_UISupportedInterfaceOrientations_iPhone = "UIInterfaceOrientationPortrait UIInterfaceOrientationLandscapeLeft UIInterfaceOrientationLandscapeRight";
				LD_RUNPATH_SEARCH_PATHS = (
					"$(inherited)",
					"@executable_path/Frameworks",
				);
				MARKETING_VERSION = 1.0;
				PRODUCT_BUNDLE_IDENTIFIER = com.hamitseyrek.WidgetHero;
				PRODUCT_NAME = "$(TARGET_NAME)";
				SWIFT_EMIT_LOC_STRINGS = YES;
				SWIFT_VERSION = 5.0;
				TARGETED_DEVICE_FAMILY = "1,2";
			};
			name = Debug;
		};
		5EB0F44627BAE4B9007A9932 /* Release */ = {
			isa = XCBuildConfiguration;
			buildSettings = {
				ALWAYS_EMBED_SWIFT_STANDARD_LIBRARIES = YES;
				ASSETCATALOG_COMPILER_APPICON_NAME = AppIcon;
				ASSETCATALOG_COMPILER_GLOBAL_ACCENT_COLOR_NAME = AccentColor;
				CODE_SIGN_ENTITLEMENTS = WidgetHero/WidgetHero.entitlements;
				CODE_SIGN_STYLE = Automatic;
				CURRENT_PROJECT_VERSION = 1;
				DEVELOPMENT_ASSET_PATHS = "\"WidgetHero/Preview Content\"";
				DEVELOPMENT_TEAM = SS2CH8F6CH;
				ENABLE_PREVIEWS = YES;
				GENERATE_INFOPLIST_FILE = YES;
				INFOPLIST_KEY_UIApplicationSceneManifest_Generation = YES;
				INFOPLIST_KEY_UIApplicationSupportsIndirectInputEvents = YES;
				INFOPLIST_KEY_UILaunchScreen_Generation = YES;
				INFOPLIST_KEY_UISupportedInterfaceOrientations_iPad = "UIInterfaceOrientationPortrait UIInterfaceOrientationPortraitUpsideDown UIInterfaceOrientationLandscapeLeft UIInterfaceOrientationLandscapeRight";
				INFOPLIST_KEY_UISupportedInterfaceOrientations_iPhone = "UIInterfaceOrientationPortrait UIInterfaceOrientationLandscapeLeft UIInterfaceOrientationLandscapeRight";
				LD_RUNPATH_SEARCH_PATHS = (
					"$(inherited)",
					"@executable_path/Frameworks",
				);
				MARKETING_VERSION = 1.0;
				PRODUCT_BUNDLE_IDENTIFIER = com.hamitseyrek.WidgetHero;
				PRODUCT_NAME = "$(TARGET_NAME)";
				SWIFT_EMIT_LOC_STRINGS = YES;
				SWIFT_VERSION = 5.0;
				TARGETED_DEVICE_FAMILY = "1,2";
			};
			name = Release;
		};
		5EB0F46527BC17CD007A9932 /* Debug */ = {
			isa = XCBuildConfiguration;
			buildSettings = {
				ASSETCATALOG_COMPILER_GLOBAL_ACCENT_COLOR_NAME = AccentColor;
				ASSETCATALOG_COMPILER_WIDGET_BACKGROUND_COLOR_NAME = WidgetBackground;
				CODE_SIGN_ENTITLEMENTS = HeroWidgetExtension.entitlements;
				CODE_SIGN_STYLE = Automatic;
				CURRENT_PROJECT_VERSION = 1;
				DEVELOPMENT_TEAM = SS2CH8F6CH;
				GENERATE_INFOPLIST_FILE = YES;
				INFOPLIST_FILE = HeroWidget/Info.plist;
				INFOPLIST_KEY_CFBundleDisplayName = HeroWidget;
				INFOPLIST_KEY_NSHumanReadableCopyright = "";
				LD_RUNPATH_SEARCH_PATHS = (
					"$(inherited)",
					"@executable_path/Frameworks",
					"@executable_path/../../Frameworks",
				);
				MARKETING_VERSION = 1.0;
				PRODUCT_BUNDLE_IDENTIFIER = com.hamitseyrek.WidgetHero.HeroWidget;
				PRODUCT_NAME = "$(TARGET_NAME)";
				SKIP_INSTALL = YES;
				SWIFT_EMIT_LOC_STRINGS = YES;
				SWIFT_VERSION = 5.0;
				TARGETED_DEVICE_FAMILY = "1,2";
			};
			name = Debug;
		};
		5EB0F46627BC17CD007A9932 /* Release */ = {
			isa = XCBuildConfiguration;
			buildSettings = {
				ASSETCATALOG_COMPILER_GLOBAL_ACCENT_COLOR_NAME = AccentColor;
				ASSETCATALOG_COMPILER_WIDGET_BACKGROUND_COLOR_NAME = WidgetBackground;
				CODE_SIGN_ENTITLEMENTS = HeroWidgetExtension.entitlements;
				CODE_SIGN_STYLE = Automatic;
				CURRENT_PROJECT_VERSION = 1;
				DEVELOPMENT_TEAM = SS2CH8F6CH;
				GENERATE_INFOPLIST_FILE = YES;
				INFOPLIST_FILE = HeroWidget/Info.plist;
				INFOPLIST_KEY_CFBundleDisplayName = HeroWidget;
				INFOPLIST_KEY_NSHumanReadableCopyright = "";
				LD_RUNPATH_SEARCH_PATHS = (
					"$(inherited)",
					"@executable_path/Frameworks",
					"@executable_path/../../Frameworks",
				);
				MARKETING_VERSION = 1.0;
				PRODUCT_BUNDLE_IDENTIFIER = com.hamitseyrek.WidgetHero.HeroWidget;
				PRODUCT_NAME = "$(TARGET_NAME)";
				SKIP_INSTALL = YES;
				SWIFT_EMIT_LOC_STRINGS = YES;
				SWIFT_VERSION = 5.0;
				TARGETED_DEVICE_FAMILY = "1,2";
			};
			name = Release;
		};
/* End XCBuildConfiguration section */

/* Begin XCConfigurationList section */
		5EB0F43127BAE4B7007A9932 /* Build configuration list for PBXProject "WidgetHero" */ = {
			isa = XCConfigurationList;
			buildConfigurations = (
				5EB0F44227BAE4B9007A9932 /* Debug */,
				5EB0F44327BAE4B9007A9932 /* Release */,
			);
			defaultConfigurationIsVisible = 0;
			defaultConfigurationName = Release;
		};
		5EB0F44427BAE4B9007A9932 /* Build configuration list for PBXNativeTarget "WidgetHero" */ = {
			isa = XCConfigurationList;
			buildConfigurations = (
				5EB0F44527BAE4B9007A9932 /* Debug */,
				5EB0F44627BAE4B9007A9932 /* Release */,
			);
			defaultConfigurationIsVisible = 0;
			defaultConfigurationName = Release;
		};
		5EB0F46727BC17CD007A9932 /* Build configuration list for PBXNativeTarget "HeroWidgetExtension" */ = {
			isa = XCConfigurationList;
			buildConfigurations = (
				5EB0F46527BC17CD007A9932 /* Debug */,
				5EB0F46627BC17CD007A9932 /* Release */,
			);
			defaultConfigurationIsVisible = 0;
			defaultConfigurationName = Release;
		};
/* End XCConfigurationList section */
	};
	rootObject = 5EB0F42E27BAE4B7007A9932 /* Project object */;
}
